
Microsoft Visual Studio Solution File, Format Version 12.00
# Visual Studio Version 16
VisualStudioVersion = 16.0.31729.503
MinimumVisualStudioVersion = 10.0.40219.1
Project("{FAE04EC0-301F-11D3-BF4B-00C04F79EFBC}") = "EjercicioIntegrador.Datos", "EjercicioIntegrador.Datos\EjercicioIntegrador.Datos.csproj", "{7124948F-EBAF-4F2F-9D57-5A2EF8C4B7FC}"
EndProject
Project("{FAE04EC0-301F-11D3-BF4B-00C04F79EFBC}") = "EjercicioIntegrador.Entidades", "EjercicioIntegrador.Entidades\EjercicioIntegrador.Entidades.csproj", "{A0F4C9D6-224A-4119-9052-FCF9FF7361D8}"
EndProject
Project("{FAE04EC0-301F-11D3-BF4B-00C04F79EFBC}") = "EjercicioIntegrador.Windows", "EjercicioIntegrador.Windows\EjercicioIntegrador.Windows.csproj", "{3963EE81-C0B4-44CA-AF71-7BC8AF46A523}"
EndProject
Global
	GlobalSection(SolutionConfigurationPlatforms) = preSolution
		Debug|Any CPU = Debug|Any CPU
		Release|Any CPU = Release|Any CPU
	EndGlobalSection
	GlobalSection(ProjectConfigurationPlatforms) = postSolution
		{7124948F-EBAF-4F2F-9D57-5A2EF8C4B7FC}.Debug|Any CPU.ActiveCfg = Debug|Any CPU
		{7124948F-EBAF-4F2F-9D57-5A2EF8C4B7FC}.Debug|Any CPU.Build.0 = Debug|Any CPU
		{7124948F-EBAF-4F2F-9D57-5A2EF8C4B7FC}.Release|Any CPU.ActiveCfg = Release|Any CPU
		{7124948F-EBAF-4F2F-9D57-5A2EF8C4B7FC}.Release|Any CPU.Build.0 = Release|Any CPU
		{A0F4C9D6-224A-4119-9052-FCF9FF7361D8}.Debug|Any CPU.ActiveCfg = Debug|Any CPU
		{A0F4C9D6-224A-4119-9052-FCF9FF7361D8}.Debug|Any CPU.Build.0 = Debug|Any CPU
		{A0F4C9D6-224A-4119-9052-FCF9FF7361D8}.Release|Any CPU.ActiveCfg = Release|Any CPU
		{A0F4C9D6-224A-4119-9052-FCF9FF7361D8}.Release|Any CPU.Build.0 = Release|Any CPU
		{3963EE81-C0B4-44CA-AF71-7BC8AF46A523}.Debug|Any CPU.ActiveCfg = Debug|Any CPU
		{3963EE81-C0B4-44CA-AF71-7BC8AF46A523}.Debug|Any CPU.Build.0 = Debug|Any CPU
		{3963EE81-C0B4-44CA-AF71-7BC8AF46A523}.Release|Any CPU.ActiveCfg = Release|Any CPU
		{3963EE81-C0B4-44CA-AF71-7BC8AF46A523}.Release|Any CPU.Build.0 = Release|Any CPU
	EndGlobalSection
	GlobalSection(SolutionProperties) = preSolution
		HideSolutionNode = FALSE
	EndGlobalSection
	GlobalSection(ExtensibilityGlobals) = postSolution
		SolutionGuid = {809B07BA-159B-4010-9CF8-C049A0AAB9CD}
	EndGlobalSection
EndGlobal
